
Microsoft Visual Studio Solution File, Format Version 10.00
# Visual Studio 2008
Project("{8BC9CEB8-8B4A-11D0-8D11-00A0C91BC942}") = "GLESlib", "GLESlib\GLESlib.vcproj", "{20E46513-11D7-4F69-ACD6-9789BD1DE530}"
EndProject
Global
	GlobalSection(SolutionConfigurationPlatforms) = preSolution
		Debug|Win32 = Debug|Win32
		Release|Win32 = Release|Win32
	EndGlobalSection
	GlobalSection(ProjectConfigurationPlatforms) = postSolution
		{20E46513-11D7-4F69-ACD6-9789BD1DE530}.Debug|Win32.ActiveCfg = Debug|Win32
		{20E46513-11D7-4F69-ACD6-9789BD1DE530}.Debug|Win32.Build.0 = Debug|Win32
		{20E46513-11D7-4F69-ACD6-9789BD1DE530}.Release|Win32.ActiveCfg = Release|Win32
		{20E46513-11D7-4F69-ACD6-9789BD1DE530}.Release|Win32.Build.0 = Release|Win32
	EndGlobalSection
	GlobalSection(SolutionProperties) = preSolution
		HideSolutionNode = FALSE
	EndGlobalSection
EndGlobal
